
Microsoft Visual Studio Solution File, Format Version 12.00
# Visual Studio Version 17
VisualStudioVersion = 17.9.34728.123
MinimumVisualStudioVersion = 10.0.40219.1
Project("{FAE04EC0-301F-11D3-BF4B-00C04F79EFBC}") = "OST_Assignment_02", "OST_Assignment_02.csproj", "{9C764817-A1E2-48AC-B972-F5D117C31F4E}"
EndProject
Global
	GlobalSection(SolutionConfigurationPlatforms) = preSolution
		Debug|Any CPU = Debug|Any CPU
		Release|Any CPU = Release|Any CPU
	EndGlobalSection
	GlobalSection(ProjectConfigurationPlatforms) = postSolution
		{9C764817-A1E2-48AC-B972-F5D117C31F4E}.Debug|Any CPU.ActiveCfg = Debug|Any CPU
		{9C764817-A1E2-48AC-B972-F5D117C31F4E}.Debug|Any CPU.Build.0 = Debug|Any CPU
		{9C764817-A1E2-48AC-B972-F5D117C31F4E}.Release|Any CPU.ActiveCfg = Release|Any CPU
		{9C764817-A1E2-48AC-B972-F5D117C31F4E}.Release|Any CPU.Build.0 = Release|Any CPU
	EndGlobalSection
	GlobalSection(SolutionProperties) = preSolution
		HideSolutionNode = FALSE
	EndGlobalSection
	GlobalSection(ExtensibilityGlobals) = postSolution
		SolutionGuid = {735A06A0-38E8-477B-BE7D-C9D450222D96}
	EndGlobalSection
EndGlobal
